<Solution>
  <Folder Name="/src/">
    <Project Path="src/Vaulta.App/Vaulta.App.csproj" />
    <Project Path="src/Vaulta.App.Core/Vaulta.App.Core.csproj" />
  </Folder>
  <Folder Name="/src/API/">
    <Project Path="src/Vaulta.Web.Api/Vaulta.Web.Api.csproj" />
  </Folder>
  <Folder Name="/src/API/Modules/">
    <Project Path="src/Modules/Identity/Vaulta.Identity.Application/Vaulta.Identity.Application.csproj" />
    <Project Path="src/Modules/Identity/Vaulta.Identity.Contracts/Vaulta.Identity.Contracts.csproj" />
    <Project Path="src/Modules/Identity/Vaulta.Identity.Domain/Vaulta.Identity.Domain.csproj" />
    <Project Path="src/Modules/Identity/Vaulta.Identity.Infrastructure/Vaulta.Identity.Infrastructure.csproj" />
    <Project Path="src/Vaulta.SharedKernel/Vaulta.SharedKernel.csproj" />
  </Folder>
  <Folder Name="/src/API/Modules/Identity/" />
  <Folder Name="/src/Modules/" />
  <Folder Name="/src/Modules/Assets/">
    <Project Path="src/Modules/Assets/Vaulta.Assets.Application/Vaulta.Assets.Application.csproj" />
    <Project Path="src/Modules/Assets/Vaulta.Assets.Contracts/Vaulta.Assets.Contracts.csproj" />
    <Project Path="src/Modules/Assets/Vaulta.Assets.Domain/Vaulta.Assets.Domain.csproj" />
    <Project Path="src/Modules/Assets/Vaulta.Assets.Infrastructure/Vaulta.Assets.Infrastructure.csproj" />
  </Folder>
  <Folder Name="/src/Modules/Catalog/">
    <Project Path="src/Modules/Catalog/Vaulta.Catalog.Application/Vaulta.Catalog.Application.csproj" />
    <Project Path="src/Modules/Catalog/Vaulta.Catalog.Contracts/Vaulta.Catalog.Contracts.csproj" />
    <Project Path="src/Modules/Catalog/Vaulta.Catalog.Domain/Vaulta.Catalog.Domain.csproj" />
    <Project Path="src/Modules/Catalog/Vaulta.Catalog.Infrastructure/Vaulta.Catalog.Infrastructure.csproj" />
  </Folder>
  <Folder Name="/src/Modules/Collection/">
    <Project Path="src/Modules/Collection/Vaulta.Collection.Application/Vaulta.Collection.Application.csproj" />
    <Project Path="src/Modules/Collection/Vaulta.Collection.Contracts/Vaulta.Collection.Contracts.csproj" />
    <Project Path="src/Modules/Collection/Vaulta.Collection.Domain/Vaulta.Collection.Domain.csproj" />
    <Project Path="src/Modules/Collection/Vaulta.Collection.Infrastructure/Vaulta.Collection.Infrastructure.csproj" />
  </Folder>
  <Folder Name="/src/Modules/Marketplace/">
    <Project Path="src/Modules/Marketplace/Vaulta.Marketplace.Application/Vaulta.Marketplace.Application.csproj" />
    <Project Path="src/Modules/Marketplace/Vaulta.Marketplace.Contracts/Vaulta.Marketplace.Contracts.csproj" />
    <Project Path="src/Modules/Marketplace/Vaulta.Marketplace.Domain/Vaulta.Marketplace.Domain.csproj" />
    <Project Path="src/Modules/Marketplace/Vaulta.Marketplace.Infrastructure/Vaulta.Marketplace.Infrastructure.csproj" />
  </Folder>
  <Folder Name="/src/Modules/Orders/">
    <Project Path="src/Modules/Orders/Vaulta.Orders.Application/Vaulta.Orders.Application.csproj" />
    <Project Path="src/Modules/Orders/Vaulta.Orders.Contracts/Vaulta.Orders.Contracts.csproj" />
    <Project Path="src/Modules/Orders/Vaulta.Orders.Domain/Vaulta.Orders.Domain.csproj" />
    <Project Path="src/Modules/Orders/Vaulta.Orders.Infrastructure/Vaulta.Orders.Infrastructure.csproj" />
  </Folder>
  <Folder Name="/src/Modules/Payments/">
    <Project Path="src/Modules/Payments/Vaulta.Payments.Application/Vaulta.Payments.Application.csproj" />
    <Project Path="src/Modules/Payments/Vaulta.Payments.Contracts/Vaulta.Payments.Contracts.csproj" />
    <Project Path="src/Modules/Payments/Vaulta.Payments.Domain/Vaulta.Payments.Domain.csproj" />
    <Project Path="src/Modules/Payments/Vaulta.Payments.Infrastructure/Vaulta.Payments.Infrastructure.csproj" />
  </Folder>
  <Folder Name="/src/Modules/Reviews/">
    <Project Path="src/Modules/Reviews/Vaulta.Reviews.Application/Vaulta.Reviews.Application.csproj" />
    <Project Path="src/Modules/Reviews/Vaulta.Reviews.Contracts/Vaulta.Reviews.Contracts.csproj" />
    <Project Path="src/Modules/Reviews/Vaulta.Reviews.Domain/Vaulta.Reviews.Domain.csproj" />
    <Project Path="src/Modules/Reviews/Vaulta.Reviews.Infrastructure/Vaulta.Reviews.Infrastructure.csproj" />
  </Folder>
  <Folder Name="/src/Modules/Shipping/">
    <Project Path="src/Modules/Shipping/Vaulta.Shipping.Application/Vaulta.Shipping.Application.csproj" />
    <Project Path="src/Modules/Shipping/Vaulta.Shipping.Contracts/Vaulta.Shipping.Contracts.csproj" />
    <Project Path="src/Modules/Shipping/Vaulta.Shipping.Domain/Vaulta.Shipping.Domain.csproj" />
    <Project Path="src/Modules/Shipping/Vaulta.Shipping.Infrastructure/Vaulta.Shipping.Infrastructure.csproj" />
  </Folder>
  <Folder Name="/src/Modules/Wallets/">
    <Project Path="src/Modules/Wallets/Vaulta.Wallets.Application/Vaulta.Wallets.Application.csproj" />
    <Project Path="src/Modules/Wallets/Vaulta.Wallets.Contracts/Vaulta.Wallets.Contracts.csproj" />
    <Project Path="src/Modules/Wallets/Vaulta.Wallets.Domain/Vaulta.Wallets.Domain.csproj" />
    <Project Path="src/Modules/Wallets/Vaulta.Wallets.Infrastructure/Vaulta.Wallets.Infrastructure.csproj" />
  </Folder>
  <Folder Name="/tests/">
    <Project Path="tests/Vaulta.Commerce.UnitTests/Vaulta.Commerce.UnitTests.csproj" />
    <Project Path="tests/Vaulta.App.Core.UnitTests/Vaulta.App.Core.UnitTests.csproj" />
    <Project Path="tests/Vaulta.ArchitectureTests/Vaulta.ArchitectureTests.csproj" />
    <Project Path="tests/Vaulta.Identity.IntegrationTests/Vaulta.Identity.IntegrationTests.csproj" />
    <Project Path="tests/Vaulta.Identity.UnitTests/Vaulta.Identity.UnitTests.csproj" />
  </Folder>
  <Folder Name="/src/Modules/Vision/">
    <Project Path="src/Modules/Vision/Vaulta.Vision.Contracts/Vaulta.Vision.Contracts.csproj" />
    <Project Path="src/Modules/Vision/Vaulta.Vision.Domain/Vaulta.Vision.Domain.csproj" />
    <Project Path="src/Modules/Vision/Vaulta.Vision.Application/Vaulta.Vision.Application.csproj" />
    <Project Path="src/Modules/Vision/Vaulta.Vision.Infrastructure/Vaulta.Vision.Infrastructure.csproj" />
  </Folder>
  <Folder Name="/src/Vision/">
    <Project Path="src/Vaulta.Vision.Encoding/Vaulta.Vision.Encoding.csproj" />
  </Folder>
</Solution>
